// !$*UTF8*$!
{
	archiveVersion = 1;
	classes = {
	};
	objectVersion = 46;
	objects = {

/* Begin PBXBuildFile section */
		37CD7ED71ADCDC9100F7CAB8 /* main.m in Sources */ = {isa = PBXBuildFile; fileRef = 37CD7ED61ADCDC9100F7CAB8 /* main.m */; };
		37CD7EDA1ADCDC9200F7CAB8 /* AppDelegate.m in Sources */ = {isa = PBXBuildFile; fileRef = 37CD7ED91ADCDC9200F7CAB8 /* AppDelegate.m */; };
		37CD7EDD1ADCDC9300F7CAB8 /* coreData.xcdatamodeld in Sources */ = {isa = PBXBuildFile; fileRef = 37CD7EDB1ADCDC9300F7CAB8 /* coreData.xcdatamodeld */; };
		37CD7EE81ADCDC9300F7CAB8 /* Images.xcassets in Resources */ = {isa = PBXBuildFile; fileRef = 37CD7EE71ADCDC9300F7CAB8 /* Images.xcassets */; };
		37CD7EEB1ADCDC9300F7CAB8 /* LaunchScreen.xib in Resources */ = {isa = PBXBuildFile; fileRef = 37CD7EE91ADCDC9300F7CAB8 /* LaunchScreen.xib */; };
		37CD7EF71ADCDC9300F7CAB8 /* coreDataTests.m in Sources */ = {isa = PBXBuildFile; fileRef = 37CD7EF61ADCDC9300F7CAB8 /* coreDataTests.m */; };
		37CD7F011ADCF06F00F7CAB8 /* Storyboard.storyboard in Resources */ = {isa = PBXBuildFile; fileRef = 37CD7F001ADCF06F00F7CAB8 /* Storyboard.storyboard */; };
		37CD7F041ADCF18900F7CAB8 /* ViewController.m in Sources */ = {isa = PBXBuildFile; fileRef = 37CD7F031ADCF18900F7CAB8 /* ViewController.m */; };
/* End PBXBuildFile section */

/* Begin PBXContainerItemProxy section */
		37CD7EF11ADCDC9300F7CAB8 /* PBXContainerItemProxy */ = {
			isa = PBXContainerItemProxy;
			containerPortal = 37CD7EC91ADCDC9100F7CAB8 /* Project object */;
			proxyType = 1;
			remoteGlobalIDString = 37CD7ED01ADCDC9100F7CAB8;
			remoteInfo = coreData;
		};
/* End PBXContainerItemProxy section */

/* Begin PBXFileReference section */
		37CD7ED11ADCDC9100F7CAB8 /* coreData.app */ = {isa = PBXFileReference; explicitFileType = wrapper.application; includeInIndex = 0; path = coreData.app; sourceTree = BUILT_PRODUCTS_DIR; };
		37CD7ED51ADCDC9100F7CAB8 /* Info.plist */ = {isa = PBXFileReference; lastKnownFileType = text.plist.xml; path = Info.plist; sourceTree = "<group>"; };
		37CD7ED61ADCDC9100F7CAB8 /* main.m */ = {isa = PBXFileReference; lastKnownFileType = sourcecode.c.objc; path = main.m; sourceTree = "<group>"; };
		37CD7ED81ADCDC9100F7CAB8 /* AppDelegate.h */ = {isa = PBXFileReference; lastKnownFileType = sourcecode.c.h; path = AppDelegate.h; sourceTree = "<group>"; };
		37CD7ED91ADCDC9200F7CAB8 /* AppDelegate.m */ = {isa = PBXFileReference; lastKnownFileType = sourcecode.c.objc; path = AppDelegate.m; sourceTree = "<group>"; };
		37CD7EDC1ADCDC9300F7CAB8 /* coreData.xcdatamodel */ = {isa = PBXFileReference; lastKnownFileType = wrapper.xcdatamodel; path = coreData.xcdatamodel; sourceTree = "<group>"; };
		37CD7EE71ADCDC9300F7CAB8 /* Images.xcassets */ = {isa = PBXFileReference; lastKnownFileType = folder.assetcatalog; path = Images.xcassets; sourceTree = "<group>"; };
		37CD7EEA1ADCDC9300F7CAB8 /* Base */ = {isa = PBXFileReference; lastKnownFileType = file.xib; name = Base; path = Base.lproj/LaunchScreen.xib; sourceTree = "<group>"; };
		37CD7EF01ADCDC9300F7CAB8 /* coreDataTests.xctest */ = {isa = PBXFileReference; explicitFileType = wrapper.cfbundle; includeInIndex = 0; path = coreDataTests.xctest; sourceTree = BUILT_PRODUCTS_DIR; };
		37CD7EF51ADCDC9300F7CAB8 /* Info.plist */ = {isa = PBXFileReference; lastKnownFileType = text.plist.xml; path = Info.plist; sourceTree = "<group>"; };
		37CD7EF61ADCDC9300F7CAB8 /* coreDataTests.m */ = {isa = PBXFileReference; lastKnownFileType = sourcecode.c.objc; path = coreDataTests.m; sourceTree = "<group>"; };
		37CD7F001ADCF06F00F7CAB8 /* Storyboard.storyboard */ = {isa = PBXFileReference; fileEncoding = 4; lastKnownFileType = file.storyboard; path = Storyboard.storyboard; sourceTree = "<group>"; };
		37CD7F021ADCF18900F7CAB8 /* ViewController.h */ = {isa = PBXFileReference; fileEncoding = 4; lastKnownFileType = sourcecode.c.h; path = ViewController.h; sourceTree = "<group>"; };
		37CD7F031ADCF18900F7CAB8 /* ViewController.m */ = {isa = PBXFileReference; fileEncoding = 4; lastKnownFileType = sourcecode.c.objc; path = ViewController.m; sourceTree = "<group>"; };
/* End PBXFileReference section */

/* Begin PBXFrameworksBuildPhase section */
		37CD7ECE1ADCDC9100F7CAB8 /* Frameworks */ = {
			isa = PBXFrameworksBuildPhase;
			buildActionMask = 2147483647;
			files = (
			);
			runOnlyForDeploymentPostprocessing = 0;
		};
		37CD7EED1ADCDC9300F7CAB8 /* Frameworks */ = {
			isa = PBXFrameworksBuildPhase;
			buildActionMask = 2147483647;
			files = (
			);
			runOnlyForDeploymentPostprocessing = 0;
		};
/* End PBXFrameworksBuildPhase section */

/* Begin PBXGroup section */
		37CD7EC81ADCDC9100F7CAB8 = {
			isa = PBXGroup;
			children = (
				37CD7ED31ADCDC9100F7CAB8 /* coreData */,
				37CD7EF31ADCDC9300F7CAB8 /* coreDataTests */,
				37CD7ED21ADCDC9100F7CAB8 /* Products */,
			);
			sourceTree = "<group>";
		};
		37CD7ED21ADCDC9100F7CAB8 /* Products */ = {
			isa = PBXGroup;
			children = (
				37CD7ED11ADCDC9100F7CAB8 /* coreData.app */,
				37CD7EF01ADCDC9300F7CAB8 /* coreDataTests.xctest */,
			);
			name = Products;
			sourceTree = "<group>";
		};
		37CD7ED31ADCDC9100F7CAB8 /* coreData */ = {
			isa = PBXGroup;
			children = (
				37CD7ED81ADCDC9100F7CAB8 /* AppDelegate.h */,
				37CD7ED91ADCDC9200F7CAB8 /* AppDelegate.m */,
				37CD7F001ADCF06F00F7CAB8 /* Storyboard.storyboard */,
				37CD7EE71ADCDC9300F7CAB8 /* Images.xcassets */,
				37CD7EE91ADCDC9300F7CAB8 /* LaunchScreen.xib */,
				37CD7EDB1ADCDC9300F7CAB8 /* coreData.xcdatamodeld */,
				37CD7ED41ADCDC9100F7CAB8 /* Supporting Files */,
				37CD7F021ADCF18900F7CAB8 /* ViewController.h */,
				37CD7F031ADCF18900F7CAB8 /* ViewController.m */,
			);
			path = coreData;
			sourceTree = "<group>";
		};
		37CD7ED41ADCDC9100F7CAB8 /* Supporting Files */ = {
			isa = PBXGroup;
			children = (
				37CD7ED51ADCDC9100F7CAB8 /* Info.plist */,
				37CD7ED61ADCDC9100F7CAB8 /* main.m */,
			);
			name = "Supporting Files";
			sourceTree = "<group>";
		};
		37CD7EF31ADCDC9300F7CAB8 /* coreDataTests */ = {
			isa = PBXGroup;
			children = (
				37CD7EF61ADCDC9300F7CAB8 /* coreDataTests.m */,
				37CD7EF41ADCDC9300F7CAB8 /* Supporting Files */,
			);
			path = coreDataTests;
			sourceTree = "<group>";
		};
		37CD7EF41ADCDC9300F7CAB8 /* Supporting Files */ = {
			isa = PBXGroup;
			children = (
				37CD7EF51ADCDC9300F7CAB8 /* Info.plist */,
			);
			name = "Supporting Files";
			sourceTree = "<group>";
		};
/* End PBXGroup section */

/* Begin PBXNativeTarget section */
		37CD7ED01ADCDC9100F7CAB8 /* coreData */ = {
			isa = PBXNativeTarget;
			buildConfigurationList = 37CD7EFA1ADCDC9300F7CAB8 /* Build configuration list for PBXNativeTarget "coreData" */;
			buildPhases = (
				37CD7ECD1ADCDC9100F7CAB8 /* Sources */,
				37CD7ECE1ADCDC9100F7CAB8 /* Frameworks */,
				37CD7ECF1ADCDC9100F7CAB8 /* Resources */,
			);
			buildRules = (
			);
			dependencies = (
			);
			name = coreData;
			productName = coreData;
			productReference = 37CD7ED11ADCDC9100F7CAB8 /* coreData.app */;
			productType = "com.apple.product-type.application";
		};
		37CD7EEF1ADCDC9300F7CAB8 /* coreDataTests */ = {
			isa = PBXNativeTarget;
			buildConfigurationList = 37CD7EFD1ADCDC9300F7CAB8 /* Build configuration list for PBXNativeTarget "coreDataTests" */;
			buildPhases = (
				37CD7EEC1ADCDC9300F7CAB8 /* Sources */,
				37CD7EED1ADCDC9300F7CAB8 /* Frameworks */,
				37CD7EEE1ADCDC9300F7CAB8 /* Resources */,
			);
			buildRules = (
			);
			dependencies = (
				37CD7EF21ADCDC9300F7CAB8 /* PBXTargetDependency */,
			);
			name = coreDataTests;
			productName = coreDataTests;
			productReference = 37CD7EF01ADCDC9300F7CAB8 /* coreDataTests.xctest */;
			productType = "com.apple.product-type.bundle.unit-test";
		};
/* End PBXNativeTarget section */

/* Begin PBXProject section */
		37CD7EC91ADCDC9100F7CAB8 /* Project object */ = {
			isa = PBXProject;
			attributes = {
				LastUpgradeCheck = 0610;
				ORGANIZATIONNAME = Bets;
				TargetAttributes = {
					37CD7ED01ADCDC9100F7CAB8 = {
						CreatedOnToolsVersion = 6.1.1;
					};
					37CD7EEF1ADCDC9300F7CAB8 = {
						CreatedOnToolsVersion = 6.1.1;
						TestTargetID = 37CD7ED01ADCDC9100F7CAB8;
					};
				};
			};
			buildConfigurationList = 37CD7ECC1ADCDC9100F7CAB8 /* Build configuration list for PBXProject "coreData" */;
			compatibilityVersion = "Xcode 3.2";
			developmentRegion = English;
			hasScannedForEncodings = 0;
			knownRegions = (
				en,
				Base,
			);
			mainGroup = 37CD7EC81ADCDC9100F7CAB8;
			productRefGroup = 37CD7ED21ADCDC9100F7CAB8 /* Products */;
			projectDirPath = "";
			projectRoot = "";
			targets = (
				37CD7ED01ADCDC9100F7CAB8 /* coreData */,
				37CD7EEF1ADCDC9300F7CAB8 /* coreDataTests */,
			);
		};
/* End PBXProject section */

/* Begin PBXResourcesBuildPhase section */
		37CD7ECF1ADCDC9100F7CAB8 /* Resources */ = {
			isa = PBXResourcesBuildPhase;
			buildActionMask = 2147483647;
			files = (
				37CD7F011ADCF06F00F7CAB8 /* Storyboard.storyboard in Resources */,
				37CD7EEB1ADCDC9300F7CAB8 /* LaunchScreen.xib in Resources */,
				37CD7EE81ADCDC9300F7CAB8 /* Images.xcassets in Resources */,
			);
			runOnlyForDeploymentPostprocessing = 0;
		};
		37CD7EEE1ADCDC9300F7CAB8 /* Resources */ = {
			isa = PBXResourcesBuildPhase;
			buildActionMask = 2147483647;
			files = (
			);
			runOnlyForDeploymentPostprocessing = 0;
		};
/* End PBXResourcesBuildPhase section */

/* Begin PBXSourcesBuildPhase section */
		37CD7ECD1ADCDC9100F7CAB8 /* Sources */ = {
			isa = PBXSourcesBuildPhase;
			buildActionMask = 2147483647;
			files = (
				37CD7F041ADCF18900F7CAB8 /* ViewController.m in Sources */,
				37CD7EDA1ADCDC9200F7CAB8 /* AppDelegate.m in Sources */,
				37CD7EDD1ADCDC9300F7CAB8 /* coreData.xcdatamodeld in Sources */,
				37CD7ED71ADCDC9100F7CAB8 /* main.m in Sources */,
			);
			runOnlyForDeploymentPostprocessing = 0;
		};
		37CD7EEC1ADCDC9300F7CAB8 /* Sources */ = {
			isa = PBXSourcesBuildPhase;
			buildActionMask = 2147483647;
			files = (
				37CD7EF71ADCDC9300F7CAB8 /* coreDataTests.m in Sources */,
			);
			runOnlyForDeploymentPostprocessing = 0;
		};
/* End PBXSourcesBuildPhase section */

/* Begin PBXTargetDependency section */
		37CD7EF21ADCDC9300F7CAB8 /* PBXTargetDependency */ = {
			isa = PBXTargetDependency;
			target = 37CD7ED01ADCDC9100F7CAB8 /* coreData */;
			targetProxy = 37CD7EF11ADCDC9300F7CAB8 /* PBXContainerItemProxy */;
		};
/* End PBXTargetDependency section */

/* Begin PBXVariantGroup section */
		37CD7EE91ADCDC9300F7CAB8 /* LaunchScreen.xib */ = {
			isa = PBXVariantGroup;
			children = (
				37CD7EEA1ADCDC9300F7CAB8 /* Base */,
			);
			name = LaunchScreen.xib;
			sourceTree = "<group>";
		};
/* End PBXVariantGroup section */

/* Begin XCBuildConfiguration section */
		37CD7EF81ADCDC9300F7CAB8 /* Debug */ = {
			isa = XCBuildConfiguration;
			buildSettings = {
				ALWAYS_SEARCH_USER_PATHS = NO;
				CLANG_CXX_LANGUAGE_STANDARD = "gnu++0x";
				CLANG_CXX_LIBRARY = "libc++";
				CLANG_ENABLE_MODULES = YES;
				CLANG_ENABLE_OBJC_ARC = YES;
				CLANG_WARN_BOOL_CONVERSION = YES;
				CLANG_WARN_CONSTANT_CONVERSION = YES;
				CLANG_WARN_DIRECT_OBJC_ISA_USAGE = YES_ERROR;
				CLANG_WARN_EMPTY_BODY = YES;
				CLANG_WARN_ENUM_CONVERSION = YES;
				CLANG_WARN_INT_CONVERSION = YES;
				CLANG_WARN_OBJC_ROOT_CLASS = YES_ERROR;
				CLANG_WARN_UNREACHABLE_CODE = YES;
				CLANG_WARN__DUPLICATE_METHOD_MATCH = YES;
				"CODE_SIGN_IDENTITY[sdk=iphoneos*]" = "iPhone Developer";
				COPY_PHASE_STRIP = NO;
				ENABLE_STRICT_OBJC_MSGSEND = YES;
				GCC_C_LANGUAGE_STANDARD = gnu99;
				GCC_DYNAMIC_NO_PIC = NO;
				GCC_OPTIMIZATION_LEVEL = 0;
				GCC_PREPROCESSOR_DEFINITIONS = (
					"DEBUG=1",
					"$(inherited)",
				);
				GCC_SYMBOLS_PRIVATE_EXTERN = NO;
				GCC_WARN_64_TO_32_BIT_CONVERSION = YES;
				GCC_WARN_ABOUT_RETURN_TYPE = YES_ERROR;
				GCC_WARN_UNDECLARED_SELECTOR = YES;
				GCC_WARN_UNINITIALIZED_AUTOS = YES_AGGRESSIVE;
				GCC_WARN_UNUSED_FUNCTION = YES;
				GCC_WARN_UNUSED_VARIABLE = YES;
				IPHONEOS_DEPLOYMENT_TARGET = 8.1;
				MTL_ENABLE_DEBUG_INFO = YES;
				ONLY_ACTIVE_ARCH = YES;
				SDKROOT = iphoneos;
			};
			name = Debug;
		};
		37CD7EF91ADCDC9300F7CAB8 /* Release */ = {
			isa = XCBuildConfiguration;
			buildSettings = {
				ALWAYS_SEARCH_USER_PATHS = NO;
				CLANG_CXX_LANGUAGE_STANDARD = "gnu++0x";
				CLANG_CXX_LIBRARY = "libc++";
				CLANG_ENABLE_MODULES = YES;
				CLANG_ENABLE_OBJC_ARC = YES;
				CLANG_WARN_BOOL_CONVERSION = YES;
				CLANG_WARN_CONSTANT_CONVERSION = YES;
				CLANG_WARN_DIRECT_OBJC_ISA_USAGE = YES_ERROR;
				CLANG_WARN_EMPTY_BODY = YES;
				CLANG_WARN_ENUM_CONVERSION = YES;
				CLANG_WARN_INT_CONVERSION = YES;
				CLANG_WARN_OBJC_ROOT_CLASS = YES_ERROR;
				CLANG_WARN_UNREACHABLE_CODE = YES;
				CLANG_WARN__DUPLICATE_METHOD_MATCH = YES;
				"CODE_SIGN_IDENTITY[sdk=iphoneos*]" = "iPhone Developer";
				COPY_PHASE_STRIP = YES;
				ENABLE_NS_ASSERTIONS = NO;
				ENABLE_STRICT_OBJC_MSGSEND = YES;
				GCC_C_LANGUAGE_STANDARD = gnu99;
				GCC_WARN_64_TO_32_BIT_CONVERSION = YES;
				GCC_WARN_ABOUT_RETURN_TYPE = YES_ERROR;
				GCC_WARN_UNDECLARED_SELECTOR = YES;
				GCC_WARN_UNINITIALIZED_AUTOS = YES_AGGRESSIVE;
				GCC_WARN_UNUSED_FUNCTION = YES;
				GCC_WARN_UNUSED_VARIABLE = YES;
				IPHONEOS_DEPLOYMENT_TARGET = 8.1;
				MTL_ENABLE_DEBUG_INFO = NO;
				SDKROOT = iphoneos;
				VALIDATE_PRODUCT = YES;
			};
			name = Release;
		};
		37CD7EFB1ADCDC9300F7CAB8 /* Debug */ = {
			isa = XCBuildConfiguration;
			buildSettings = {
				ASSETCATALOG_COMPILER_APPICON_NAME = AppIcon;
				INFOPLIST_FILE = coreData/Info.plist;
				IPHONEOS_DEPLOYMENT_TARGET = 6.1;
				LD_RUNPATH_SEARCH_PATHS = "$(inherited) @executable_path/Frameworks";
				PRODUCT_NAME = "$(TARGET_NAME)";
			};
			name = Debug;
		};
		37CD7EFC1ADCDC9300F7CAB8 /* Release */ = {
			isa = XCBuildConfiguration;
			buildSettings = {
				ASSETCATALOG_COMPILER_APPICON_NAME = AppIcon;
				INFOPLIST_FILE = coreData/Info.plist;
				IPHONEOS_DEPLOYMENT_TARGET = 6.1;
				LD_RUNPATH_SEARCH_PATHS = "$(inherited) @executable_path/Frameworks";
				PRODUCT_NAME = "$(TARGET_NAME)";
			};
			name = Release;
		};
		37CD7EFE1ADCDC9300F7CAB8 /* Debug */ = {
			isa = XCBuildConfiguration;
			buildSettings = {
				BUNDLE_LOADER = "$(TEST_HOST)";
				FRAMEWORK_SEARCH_PATHS = (
					"$(SDKROOT)/Developer/Library/Frameworks",
					"$(inherited)",
				);
				GCC_PREPROCESSOR_DEFINITIONS = (
					"DEBUG=1",
					"$(inherited)",
				);
				INFOPLIST_FILE = coreDataTests/Info.plist;
				LD_RUNPATH_SEARCH_PATHS = "$(inherited) @executable_path/Frameworks @loader_path/Frameworks";
				PRODUCT_NAME = "$(TARGET_NAME)";
				TEST_HOST = "$(BUILT_PRODUCTS_DIR)/coreData.app/coreData";
			};
			name = Debug;
		};
		37CD7EFF1ADCDC9300F7CAB8 /* Release */ = {
			isa = XCBuildConfiguration;
			buildSettings = {
				BUNDLE_LOADER = "$(TEST_HOST)";
				FRAMEWORK_SEARCH_PATHS = (
					"$(SDKROOT)/Developer/Library/Frameworks",
					"$(inherited)",
				);
				INFOPLIST_FILE = coreDataTests/Info.plist;
				LD_RUNPATH_SEARCH_PATHS = "$(inherited) @executable_path/Frameworks @loader_path/Frameworks";
				PRODUCT_NAME = "$(TARGET_NAME)";
				TEST_HOST = "$(BUILT_PRODUCTS_DIR)/coreData.app/coreData";
			};
			name = Release;
		};
/* End XCBuildConfiguration section */

/* Begin XCConfigurationList section */
		37CD7ECC1ADCDC9100F7CAB8 /* Build configuration list for PBXProject "coreData" */ = {
			isa = XCConfigurationList;
			buildConfigurations = (
				37CD7EF81ADCDC9300F7CAB8 /* Debug */,
				37CD7EF91ADCDC9300F7CAB8 /* Release */,
			);
			defaultConfigurationIsVisible = 0;
			defaultConfigurationName = Release;
		};
		37CD7EFA1ADCDC9300F7CAB8 /* Build configuration list for PBXNativeTarget "coreData" */ = {
			isa = XCConfigurationList;
			buildConfigurations = (
				37CD7EFB1ADCDC9300F7CAB8 /* Debug */,
				37CD7EFC1ADCDC9300F7CAB8 /* Release */,
			);
			defaultConfigurationIsVisible = 0;
		};
		37CD7EFD1ADCDC9300F7CAB8 /* Build configuration list for PBXNativeTarget "coreDataTests" */ = {
			isa = XCConfigurationList;
			buildConfigurations = (
				37CD7EFE1ADCDC9300F7CAB8 /* Debug */,
				37CD7EFF1ADCDC9300F7CAB8 /* Release */,
			);
			defaultConfigurationIsVisible = 0;
		};
/* End XCConfigurationList section */

/* Begin XCVersionGroup section */
		37CD7EDB1ADCDC9300F7CAB8 /* coreData.xcdatamodeld */ = {
			isa = XCVersionGroup;
			children = (
				37CD7EDC1ADCDC9300F7CAB8 /* coreData.xcdatamodel */,
			);
			currentVersion = 37CD7EDC1ADCDC9300F7CAB8 /* coreData.xcdatamodel */;
			path = coreData.xcdatamodeld;
			sourceTree = "<group>";
			versionGroupType = wrapper.xcdatamodel;
		};
/* End XCVersionGroup section */
	};
	rootObject = 37CD7EC91ADCDC9100F7CAB8 /* Project object */;
}
